// !$*UTF8*$!
{
	archiveVersion = 1;
	classes = {
	};
	objectVersion = 55;
	objects = {

/* Begin PBXBuildFile section */
		0983657927220D6F00C3F7E9 /* SearchResultViewController.swift in Sources */ = {isa = PBXBuildFile; fileRef = 0983657827220D6F00C3F7E9 /* SearchResultViewController.swift */; };
		0983657D27220E9800C3F7E9 /* SearchResultViewReactor.swift in Sources */ = {isa = PBXBuildFile; fileRef = 0983657C27220E9800C3F7E9 /* SearchResultViewReactor.swift */; };
		0983657F27220EAC00C3F7E9 /* SearchResultViewController.storyboard in Resources */ = {isa = PBXBuildFile; fileRef = 0983657E27220EAC00C3F7E9 /* SearchResultViewController.storyboard */; };
		098365812722250E00C3F7E9 /* SearchUseCase.swift in Sources */ = {isa = PBXBuildFile; fileRef = 098365802722250E00C3F7E9 /* SearchUseCase.swift */; };
		098365832722869E00C3F7E9 /* URLRequest+Extensions.swift in Sources */ = {isa = PBXBuildFile; fileRef = 098365822722869E00C3F7E9 /* URLRequest+Extensions.swift */; };
		09B5609027215ADF00D45733 /* AppDelegate.swift in Sources */ = {isa = PBXBuildFile; fileRef = 09B5608F27215ADF00D45733 /* AppDelegate.swift */; };
		09B5609227215ADF00D45733 /* SceneDelegate.swift in Sources */ = {isa = PBXBuildFile; fileRef = 09B5609127215ADF00D45733 /* SceneDelegate.swift */; };
		09B5609927215AE100D45733 /* Assets.xcassets in Resources */ = {isa = PBXBuildFile; fileRef = 09B5609827215AE100D45733 /* Assets.xcassets */; };
		09B5609C27215AE100D45733 /* LaunchScreen.storyboard in Resources */ = {isa = PBXBuildFile; fileRef = 09B5609A27215AE100D45733 /* LaunchScreen.storyboard */; };
		09B560A727215AE100D45733 /* AppStoreSearch_SHOHTests.swift in Sources */ = {isa = PBXBuildFile; fileRef = 09B560A627215AE100D45733 /* AppStoreSearch_SHOHTests.swift */; };
		09B560B127215AE100D45733 /* AppStoreSearch_SHOHUITests.swift in Sources */ = {isa = PBXBuildFile; fileRef = 09B560B027215AE100D45733 /* AppStoreSearch_SHOHUITests.swift */; };
		09B560B327215AE100D45733 /* AppStoreSearch_SHOHUITestsLaunchTests.swift in Sources */ = {isa = PBXBuildFile; fileRef = 09B560B227215AE100D45733 /* AppStoreSearch_SHOHUITestsLaunchTests.swift */; };
		09B560C127215B4D00D45733 /* SPMSHOHProxy in Frameworks */ = {isa = PBXBuildFile; productRef = 09B560C027215B4D00D45733 /* SPMSHOHProxy */; };
		09B560CC2721630F00D45733 /* AppCoordinator.swift in Sources */ = {isa = PBXBuildFile; fileRef = 09B560CB2721630F00D45733 /* AppCoordinator.swift */; };
		09B560D327216C4C00D45733 /* NetworkProvider.swift in Sources */ = {isa = PBXBuildFile; fileRef = 09B560D227216C4700D45733 /* NetworkProvider.swift */; };
		09B560D527216C5400D45733 /* ImageLoader.swift in Sources */ = {isa = PBXBuildFile; fileRef = 09B560D427216C5300D45733 /* ImageLoader.swift */; };
		09B560D727216C6A00D45733 /* ImageView+Extensions.swift in Sources */ = {isa = PBXBuildFile; fileRef = 09B560D627216C6500D45733 /* ImageView+Extensions.swift */; };
		09B560DA2721718400D45733 /* ImageCache.swift in Sources */ = {isa = PBXBuildFile; fileRef = 09B560D92721718400D45733 /* ImageCache.swift */; };
		09B560DC2721724800D45733 /* URLSessionProtocol.swift in Sources */ = {isa = PBXBuildFile; fileRef = 09B560DB2721723F00D45733 /* URLSessionProtocol.swift */; };
		09B560DE2721724F00D45733 /* Cachable.swift in Sources */ = {isa = PBXBuildFile; fileRef = 09B560DD2721724F00D45733 /* Cachable.swift */; };
		09B560E02721728700D45733 /* TargetType.swift in Sources */ = {isa = PBXBuildFile; fileRef = 09B560DF2721728700D45733 /* TargetType.swift */; };
		09B560E4272172B700D45733 /* HTTPMethod.swift in Sources */ = {isa = PBXBuildFile; fileRef = 09B560E3272172B700D45733 /* HTTPMethod.swift */; };
		09B560E6272172C200D45733 /* Task.swift in Sources */ = {isa = PBXBuildFile; fileRef = 09B560E5272172C200D45733 /* Task.swift */; };
		09B560EA2721736400D45733 /* SearchService.swift in Sources */ = {isa = PBXBuildFile; fileRef = 09B560E92721735E00D45733 /* SearchService.swift */; };
		09B560EC2721738500D45733 /* Domain.swift in Sources */ = {isa = PBXBuildFile; fileRef = 09B560EB2721738500D45733 /* Domain.swift */; };
		09B560EF2721770B00D45733 /* SearchModel.swift in Sources */ = {isa = PBXBuildFile; fileRef = 09B560ED2721764300D45733 /* SearchModel.swift */; };
		09B560F32721C14200D45733 /* SearchViewController.swift in Sources */ = {isa = PBXBuildFile; fileRef = 09B560F22721C14200D45733 /* SearchViewController.swift */; };
		09B560F52721C14800D45733 /* SearchViewController.storyboard in Resources */ = {isa = PBXBuildFile; fileRef = 09B560F42721C14800D45733 /* SearchViewController.storyboard */; };
		09B560F72721C1FC00D45733 /* MainCoordinator.swift in Sources */ = {isa = PBXBuildFile; fileRef = 09B560F62721C1FC00D45733 /* MainCoordinator.swift */; };
		09B560F92721C4BC00D45733 /* TabBarType.swift in Sources */ = {isa = PBXBuildFile; fileRef = 09B560F82721C4BC00D45733 /* TabBarType.swift */; };
		09B560FB2721C5B700D45733 /* SearchCoordinator.swift in Sources */ = {isa = PBXBuildFile; fileRef = 09B560FA2721C5B700D45733 /* SearchCoordinator.swift */; };
		09B561002721D41B00D45733 /* SearchRecentViewController.swift in Sources */ = {isa = PBXBuildFile; fileRef = 09B560FF2721D41B00D45733 /* SearchRecentViewController.swift */; };
		09B561022721D43300D45733 /* SearchRecentViewController.storyboard in Resources */ = {isa = PBXBuildFile; fileRef = 09B561012721D43300D45733 /* SearchRecentViewController.storyboard */; };
		09B561042721D51000D45733 /* SearchViewReactor.swift in Sources */ = {isa = PBXBuildFile; fileRef = 09B561032721D51000D45733 /* SearchViewReactor.swift */; };
		09B561062721E1BC00D45733 /* SearchRecentViewReactor.swift in Sources */ = {isa = PBXBuildFile; fileRef = 09B561052721E1BC00D45733 /* SearchRecentViewReactor.swift */; };
		09B561082721E30400D45733 /* SearchChildProtocol.swift in Sources */ = {isa = PBXBuildFile; fileRef = 09B561072721E30400D45733 /* SearchChildProtocol.swift */; };
		09B5610E2721FCC200D45733 /* SearchRecentCell.swift in Sources */ = {isa = PBXBuildFile; fileRef = 09B5610D2721FCC200D45733 /* SearchRecentCell.swift */; };
		09B561122721FF1400D45733 /* SearchRecentCell.xib in Resources */ = {isa = PBXBuildFile; fileRef = 09B561112721FF1400D45733 /* SearchRecentCell.xib */; };
		09B78DF12724098200CFFBBD /* SearchResultReviewCell.swift in Sources */ = {isa = PBXBuildFile; fileRef = 09B78DF02724098200CFFBBD /* SearchResultReviewCell.swift */; };
		09B78DF3272409A500CFFBBD /* SearchResultReviewCell.xib in Resources */ = {isa = PBXBuildFile; fileRef = 09B78DF2272409A500CFFBBD /* SearchResultReviewCell.xib */; };
		09E292A62722AF3D00866EF5 /* SearchResultCell.xib in Resources */ = {isa = PBXBuildFile; fileRef = 098365862722AEC300C3F7E9 /* SearchResultCell.xib */; };
		09E292A72722AF3F00866EF5 /* SearchResultCell.swift in Sources */ = {isa = PBXBuildFile; fileRef = 098365852722AEC300C3F7E9 /* SearchResultCell.swift */; };
		09E292A92722C4FF00866EF5 /* SearchResultCellReactor.swift in Sources */ = {isa = PBXBuildFile; fileRef = 09E292A82722C4FF00866EF5 /* SearchResultCellReactor.swift */; };
		09E292AB2722C64700866EF5 /* Reactive+Extensions.swift in Sources */ = {isa = PBXBuildFile; fileRef = 09E292AA2722C64700866EF5 /* Reactive+Extensions.swift */; };
		09E292AD2722DACB00866EF5 /* Number+Extensions.swift in Sources */ = {isa = PBXBuildFile; fileRef = 09E292AC2722DACB00866EF5 /* Number+Extensions.swift */; };
		09E292AF2723301200866EF5 /* NSLayoutConstraint+Extensions.swift in Sources */ = {isa = PBXBuildFile; fileRef = 09E292AE2723301200866EF5 /* NSLayoutConstraint+Extensions.swift */; };
		09E292B127233F5400866EF5 /* ObservableType+Extensions.swift in Sources */ = {isa = PBXBuildFile; fileRef = 09E292B027233F5400866EF5 /* ObservableType+Extensions.swift */; };
		09E292B4272340D500866EF5 /* Section.swift in Sources */ = {isa = PBXBuildFile; fileRef = 09E292B3272340D500866EF5 /* Section.swift */; };
		09E292B7272364B200866EF5 /* SearchResultDetailViewController.swift in Sources */ = {isa = PBXBuildFile; fileRef = 09E292B6272364B200866EF5 /* SearchResultDetailViewController.swift */; };
		09E292B9272364C300866EF5 /* SearchResultDetailViewReactor.swift in Sources */ = {isa = PBXBuildFile; fileRef = 09E292B8272364C300866EF5 /* SearchResultDetailViewReactor.swift */; };
		09E292BB272364CB00866EF5 /* SearchResultDetailViewController.storyboard in Resources */ = {isa = PBXBuildFile; fileRef = 09E292BA272364CB00866EF5 /* SearchResultDetailViewController.storyboard */; };
		09E292BD272379C700866EF5 /* UIView+Extensions.swift in Sources */ = {isa = PBXBuildFile; fileRef = 09E292BC272379C700866EF5 /* UIView+Extensions.swift */; };
		09E292C027237C5E00866EF5 /* SearchResultDetailCell.swift in Sources */ = {isa = PBXBuildFile; fileRef = 09E292BF27237C5E00866EF5 /* SearchResultDetailCell.swift */; };
		09E292C227237CA700866EF5 /* SearchResultDetailCell.xib in Resources */ = {isa = PBXBuildFile; fileRef = 09E292C127237CA700866EF5 /* SearchResultDetailCell.xib */; };
		142B3FD1EE5E4499D7AB86DF /* Pods_AppStoreSearch_SHOHUITests.framework in Frameworks */ = {isa = PBXBuildFile; fileRef = B1F856E81AADB7B3D4D1012D /* Pods_AppStoreSearch_SHOHUITests.framework */; };
		63A8C79ED17104322BE49535 /* Pods_AppStoreSearch_SHOHTests.framework in Frameworks */ = {isa = PBXBuildFile; fileRef = A2C5EE1066F311F238C7C99B /* Pods_AppStoreSearch_SHOHTests.framework */; };
		8733352315C4933F7A1F8319 /* Pods_AppStoreSearch_SHOH.framework in Frameworks */ = {isa = PBXBuildFile; fileRef = 4402E934557EC87EA6663358 /* Pods_AppStoreSearch_SHOH.framework */; };
/* End PBXBuildFile section */

/* Begin PBXContainerItemProxy section */
		09B560A327215AE100D45733 /* PBXContainerItemProxy */ = {
			isa = PBXContainerItemProxy;
			containerPortal = 09B5608427215ADF00D45733 /* Project object */;
			proxyType = 1;
			remoteGlobalIDString = 09B5608B27215ADF00D45733;
			remoteInfo = "AppStoreSearch-SHOH";
		};
		09B560AD27215AE100D45733 /* PBXContainerItemProxy */ = {
			isa = PBXContainerItemProxy;
			containerPortal = 09B5608427215ADF00D45733 /* Project object */;
			proxyType = 1;
			remoteGlobalIDString = 09B5608B27215ADF00D45733;
			remoteInfo = "AppStoreSearch-SHOH";
		};
/* End PBXContainerItemProxy section */

/* Begin PBXFileReference section */
		0983657827220D6F00C3F7E9 /* SearchResultViewController.swift */ = {isa = PBXFileReference; lastKnownFileType = sourcecode.swift; path = SearchResultViewController.swift; sourceTree = "<group>"; };
		0983657C27220E9800C3F7E9 /* SearchResultViewReactor.swift */ = {isa = PBXFileReference; lastKnownFileType = sourcecode.swift; path = SearchResultViewReactor.swift; sourceTree = "<group>"; };
		0983657E27220EAC00C3F7E9 /* SearchResultViewController.storyboard */ = {isa = PBXFileReference; lastKnownFileType = file.storyboard; path = SearchResultViewController.storyboard; sourceTree = "<group>"; };
		098365802722250E00C3F7E9 /* SearchUseCase.swift */ = {isa = PBXFileReference; lastKnownFileType = sourcecode.swift; path = SearchUseCase.swift; sourceTree = "<group>"; };
		098365822722869E00C3F7E9 /* URLRequest+Extensions.swift */ = {isa = PBXFileReference; lastKnownFileType = sourcecode.swift; path = "URLRequest+Extensions.swift"; sourceTree = "<group>"; };
		098365852722AEC300C3F7E9 /* SearchResultCell.swift */ = {isa = PBXFileReference; lastKnownFileType = sourcecode.swift; path = SearchResultCell.swift; sourceTree = "<group>"; };
		098365862722AEC300C3F7E9 /* SearchResultCell.xib */ = {isa = PBXFileReference; lastKnownFileType = file.xib; path = SearchResultCell.xib; sourceTree = "<group>"; };
		09B5608C27215ADF00D45733 /* AppStoreSearch-SHOH.app */ = {isa = PBXFileReference; explicitFileType = wrapper.application; includeInIndex = 0; path = "AppStoreSearch-SHOH.app"; sourceTree = BUILT_PRODUCTS_DIR; };
		09B5608F27215ADF00D45733 /* AppDelegate.swift */ = {isa = PBXFileReference; lastKnownFileType = sourcecode.swift; path = AppDelegate.swift; sourceTree = "<group>"; };
		09B5609127215ADF00D45733 /* SceneDelegate.swift */ = {isa = PBXFileReference; lastKnownFileType = sourcecode.swift; path = SceneDelegate.swift; sourceTree = "<group>"; };
		09B5609827215AE100D45733 /* Assets.xcassets */ = {isa = PBXFileReference; lastKnownFileType = folder.assetcatalog; path = Assets.xcassets; sourceTree = "<group>"; };
		09B5609B27215AE100D45733 /* Base */ = {isa = PBXFileReference; lastKnownFileType = file.storyboard; name = Base; path = Base.lproj/LaunchScreen.storyboard; sourceTree = "<group>"; };
		09B5609D27215AE100D45733 /* Info.plist */ = {isa = PBXFileReference; lastKnownFileType = text.plist.xml; path = Info.plist; sourceTree = "<group>"; };
		09B560A227215AE100D45733 /* AppStoreSearch-SHOHTests.xctest */ = {isa = PBXFileReference; explicitFileType = wrapper.cfbundle; includeInIndex = 0; path = "AppStoreSearch-SHOHTests.xctest"; sourceTree = BUILT_PRODUCTS_DIR; };
		09B560A627215AE100D45733 /* AppStoreSearch_SHOHTests.swift */ = {isa = PBXFileReference; lastKnownFileType = sourcecode.swift; path = AppStoreSearch_SHOHTests.swift; sourceTree = "<group>"; };
		09B560AC27215AE100D45733 /* AppStoreSearch-SHOHUITests.xctest */ = {isa = PBXFileReference; explicitFileType = wrapper.cfbundle; includeInIndex = 0; path = "AppStoreSearch-SHOHUITests.xctest"; sourceTree = BUILT_PRODUCTS_DIR; };
		09B560B027215AE100D45733 /* AppStoreSearch_SHOHUITests.swift */ = {isa = PBXFileReference; lastKnownFileType = sourcecode.swift; path = AppStoreSearch_SHOHUITests.swift; sourceTree = "<group>"; };
		09B560B227215AE100D45733 /* AppStoreSearch_SHOHUITestsLaunchTests.swift */ = {isa = PBXFileReference; lastKnownFileType = sourcecode.swift; path = AppStoreSearch_SHOHUITestsLaunchTests.swift; sourceTree = "<group>"; };
		09B560CB2721630F00D45733 /* AppCoordinator.swift */ = {isa = PBXFileReference; lastKnownFileType = sourcecode.swift; path = AppCoordinator.swift; sourceTree = "<group>"; };
		09B560D227216C4700D45733 /* NetworkProvider.swift */ = {isa = PBXFileReference; lastKnownFileType = sourcecode.swift; path = NetworkProvider.swift; sourceTree = "<group>"; };
		09B560D427216C5300D45733 /* ImageLoader.swift */ = {isa = PBXFileReference; lastKnownFileType = sourcecode.swift; path = ImageLoader.swift; sourceTree = "<group>"; };
		09B560D627216C6500D45733 /* ImageView+Extensions.swift */ = {isa = PBXFileReference; lastKnownFileType = sourcecode.swift; path = "ImageView+Extensions.swift"; sourceTree = "<group>"; };
		09B560D92721718400D45733 /* ImageCache.swift */ = {isa = PBXFileReference; lastKnownFileType = sourcecode.swift; path = ImageCache.swift; sourceTree = "<group>"; };
		09B560DB2721723F00D45733 /* URLSessionProtocol.swift */ = {isa = PBXFileReference; lastKnownFileType = sourcecode.swift; path = URLSessionProtocol.swift; sourceTree = "<group>"; };
		09B560DD2721724F00D45733 /* Cachable.swift */ = {isa = PBXFileReference; lastKnownFileType = sourcecode.swift; path = Cachable.swift; sourceTree = "<group>"; };
		09B560DF2721728700D45733 /* TargetType.swift */ = {isa = PBXFileReference; lastKnownFileType = sourcecode.swift; path = TargetType.swift; sourceTree = "<group>"; };
		09B560E3272172B700D45733 /* HTTPMethod.swift */ = {isa = PBXFileReference; lastKnownFileType = sourcecode.swift; path = HTTPMethod.swift; sourceTree = "<group>"; };
		09B560E5272172C200D45733 /* Task.swift */ = {isa = PBXFileReference; lastKnownFileType = sourcecode.swift; path = Task.swift; sourceTree = "<group>"; };
		09B560E92721735E00D45733 /* SearchService.swift */ = {isa = PBXFileReference; lastKnownFileType = sourcecode.swift; path = SearchService.swift; sourceTree = "<group>"; };
		09B560EB2721738500D45733 /* Domain.swift */ = {isa = PBXFileReference; lastKnownFileType = sourcecode.swift; path = Domain.swift; sourceTree = "<group>"; };
		09B560ED2721764300D45733 /* SearchModel.swift */ = {isa = PBXFileReference; lastKnownFileType = sourcecode.swift; path = SearchModel.swift; sourceTree = "<group>"; };
		09B560F22721C14200D45733 /* SearchViewController.swift */ = {isa = PBXFileReference; lastKnownFileType = sourcecode.swift; path = SearchViewController.swift; sourceTree = "<group>"; };
		09B560F42721C14800D45733 /* SearchViewController.storyboard */ = {isa = PBXFileReference; lastKnownFileType = file.storyboard; path = SearchViewController.storyboard; sourceTree = "<group>"; };
		09B560F62721C1FC00D45733 /* MainCoordinator.swift */ = {isa = PBXFileReference; lastKnownFileType = sourcecode.swift; path = MainCoordinator.swift; sourceTree = "<group>"; };
		09B560F82721C4BC00D45733 /* TabBarType.swift */ = {isa = PBXFileReference; lastKnownFileType = sourcecode.swift; path = TabBarType.swift; sourceTree = "<group>"; };
		09B560FA2721C5B700D45733 /* SearchCoordinator.swift */ = {isa = PBXFileReference; lastKnownFileType = sourcecode.swift; path = SearchCoordinator.swift; sourceTree = "<group>"; };
		09B560FF2721D41B00D45733 /* SearchRecentViewController.swift */ = {isa = PBXFileReference; lastKnownFileType = sourcecode.swift; path = SearchRecentViewController.swift; sourceTree = "<group>"; };
		09B561012721D43300D45733 /* SearchRecentViewController.storyboard */ = {isa = PBXFileReference; lastKnownFileType = file.storyboard; path = SearchRecentViewController.storyboard; sourceTree = "<group>"; };
		09B561032721D51000D45733 /* SearchViewReactor.swift */ = {isa = PBXFileReference; lastKnownFileType = sourcecode.swift; path = SearchViewReactor.swift; sourceTree = "<group>"; };
		09B561052721E1BC00D45733 /* SearchRecentViewReactor.swift */ = {isa = PBXFileReference; lastKnownFileType = sourcecode.swift; path = SearchRecentViewReactor.swift; sourceTree = "<group>"; };
		09B561072721E30400D45733 /* SearchChildProtocol.swift */ = {isa = PBXFileReference; lastKnownFileType = sourcecode.swift; path = SearchChildProtocol.swift; sourceTree = "<group>"; };
		09B5610D2721FCC200D45733 /* SearchRecentCell.swift */ = {isa = PBXFileReference; lastKnownFileType = sourcecode.swift; path = SearchRecentCell.swift; sourceTree = "<group>"; };
		09B561112721FF1400D45733 /* SearchRecentCell.xib */ = {isa = PBXFileReference; lastKnownFileType = file.xib; path = SearchRecentCell.xib; sourceTree = "<group>"; };
		09B78DF02724098200CFFBBD /* SearchResultReviewCell.swift */ = {isa = PBXFileReference; lastKnownFileType = sourcecode.swift; path = SearchResultReviewCell.swift; sourceTree = "<group>"; };
		09B78DF2272409A500CFFBBD /* SearchResultReviewCell.xib */ = {isa = PBXFileReference; lastKnownFileType = file.xib; path = SearchResultReviewCell.xib; sourceTree = "<group>"; };
		09E292A82722C4FF00866EF5 /* SearchResultCellReactor.swift */ = {isa = PBXFileReference; lastKnownFileType = sourcecode.swift; path = SearchResultCellReactor.swift; sourceTree = "<group>"; };
		09E292AA2722C64700866EF5 /* Reactive+Extensions.swift */ = {isa = PBXFileReference; lastKnownFileType = sourcecode.swift; path = "Reactive+Extensions.swift"; sourceTree = "<group>"; };
		09E292AC2722DACB00866EF5 /* Number+Extensions.swift */ = {isa = PBXFileReference; lastKnownFileType = sourcecode.swift; path = "Number+Extensions.swift"; sourceTree = "<group>"; };
		09E292AE2723301200866EF5 /* NSLayoutConstraint+Extensions.swift */ = {isa = PBXFileReference; lastKnownFileType = sourcecode.swift; path = "NSLayoutConstraint+Extensions.swift"; sourceTree = "<group>"; };
		09E292B027233F5400866EF5 /* ObservableType+Extensions.swift */ = {isa = PBXFileReference; lastKnownFileType = sourcecode.swift; path = "ObservableType+Extensions.swift"; sourceTree = "<group>"; };
		09E292B3272340D500866EF5 /* Section.swift */ = {isa = PBXFileReference; lastKnownFileType = sourcecode.swift; path = Section.swift; sourceTree = "<group>"; };
		09E292B6272364B200866EF5 /* SearchResultDetailViewController.swift */ = {isa = PBXFileReference; lastKnownFileType = sourcecode.swift; path = SearchResultDetailViewController.swift; sourceTree = "<group>"; };
		09E292B8272364C300866EF5 /* SearchResultDetailViewReactor.swift */ = {isa = PBXFileReference; lastKnownFileType = sourcecode.swift; path = SearchResultDetailViewReactor.swift; sourceTree = "<group>"; };
		09E292BA272364CB00866EF5 /* SearchResultDetailViewController.storyboard */ = {isa = PBXFileReference; lastKnownFileType = file.storyboard; path = SearchResultDetailViewController.storyboard; sourceTree = "<group>"; };
		09E292BC272379C700866EF5 /* UIView+Extensions.swift */ = {isa = PBXFileReference; lastKnownFileType = sourcecode.swift; path = "UIView+Extensions.swift"; sourceTree = "<group>"; };
		09E292BF27237C5E00866EF5 /* SearchResultDetailCell.swift */ = {isa = PBXFileReference; lastKnownFileType = sourcecode.swift; path = SearchResultDetailCell.swift; sourceTree = "<group>"; };
		09E292C127237CA700866EF5 /* SearchResultDetailCell.xib */ = {isa = PBXFileReference; lastKnownFileType = file.xib; path = SearchResultDetailCell.xib; sourceTree = "<group>"; };
		0E4FB6870DFB46E87C1969CE /* Pods-AppStoreSearch-SHOHUITests.release.xcconfig */ = {isa = PBXFileReference; includeInIndex = 1; lastKnownFileType = text.xcconfig; name = "Pods-AppStoreSearch-SHOHUITests.release.xcconfig"; path = "Target Support Files/Pods-AppStoreSearch-SHOHUITests/Pods-AppStoreSearch-SHOHUITests.release.xcconfig"; sourceTree = "<group>"; };
		0F3B7B36FF8C9373DF0C8CC5 /* Pods-AppStoreSearch-SHOHUITests.debug.xcconfig */ = {isa = PBXFileReference; includeInIndex = 1; lastKnownFileType = text.xcconfig; name = "Pods-AppStoreSearch-SHOHUITests.debug.xcconfig"; path = "Target Support Files/Pods-AppStoreSearch-SHOHUITests/Pods-AppStoreSearch-SHOHUITests.debug.xcconfig"; sourceTree = "<group>"; };
		125C098A9BC1210BE751E1BD /* Pods-AppStoreSearch-SHOH.release.xcconfig */ = {isa = PBXFileReference; includeInIndex = 1; lastKnownFileType = text.xcconfig; name = "Pods-AppStoreSearch-SHOH.release.xcconfig"; path = "Target Support Files/Pods-AppStoreSearch-SHOH/Pods-AppStoreSearch-SHOH.release.xcconfig"; sourceTree = "<group>"; };
		4402E934557EC87EA6663358 /* Pods_AppStoreSearch_SHOH.framework */ = {isa = PBXFileReference; explicitFileType = wrapper.framework; includeInIndex = 0; path = Pods_AppStoreSearch_SHOH.framework; sourceTree = BUILT_PRODUCTS_DIR; };
		7F75A11B39D84CA6974DEA79 /* Pods-AppStoreSearch-SHOH.debug.xcconfig */ = {isa = PBXFileReference; includeInIndex = 1; lastKnownFileType = text.xcconfig; name = "Pods-AppStoreSearch-SHOH.debug.xcconfig"; path = "Target Support Files/Pods-AppStoreSearch-SHOH/Pods-AppStoreSearch-SHOH.debug.xcconfig"; sourceTree = "<group>"; };
		9244E0D0AA5F0861E8A4FD52 /* Pods-AppStoreSearch-SHOHTests.release.xcconfig */ = {isa = PBXFileReference; includeInIndex = 1; lastKnownFileType = text.xcconfig; name = "Pods-AppStoreSearch-SHOHTests.release.xcconfig"; path = "Target Support Files/Pods-AppStoreSearch-SHOHTests/Pods-AppStoreSearch-SHOHTests.release.xcconfig"; sourceTree = "<group>"; };
		A2C5EE1066F311F238C7C99B /* Pods_AppStoreSearch_SHOHTests.framework */ = {isa = PBXFileReference; explicitFileType = wrapper.framework; includeInIndex = 0; path = Pods_AppStoreSearch_SHOHTests.framework; sourceTree = BUILT_PRODUCTS_DIR; };
		B1F856E81AADB7B3D4D1012D /* Pods_AppStoreSearch_SHOHUITests.framework */ = {isa = PBXFileReference; explicitFileType = wrapper.framework; includeInIndex = 0; path = Pods_AppStoreSearch_SHOHUITests.framework; sourceTree = BUILT_PRODUCTS_DIR; };
		EE137B8819767F3F6975BC8F /* Pods-AppStoreSearch-SHOHTests.debug.xcconfig */ = {isa = PBXFileReference; includeInIndex = 1; lastKnownFileType = text.xcconfig; name = "Pods-AppStoreSearch-SHOHTests.debug.xcconfig"; path = "Target Support Files/Pods-AppStoreSearch-SHOHTests/Pods-AppStoreSearch-SHOHTests.debug.xcconfig"; sourceTree = "<group>"; };
/* End PBXFileReference section */

/* Begin PBXFrameworksBuildPhase section */
		09B5608927215ADF00D45733 /* Frameworks */ = {
			isa = PBXFrameworksBuildPhase;
			buildActionMask = 2147483647;
			files = (
				09B560C127215B4D00D45733 /* SPMSHOHProxy in Frameworks */,
				8733352315C4933F7A1F8319 /* Pods_AppStoreSearch_SHOH.framework in Frameworks */,
			);
			runOnlyForDeploymentPostprocessing = 0;
		};
		09B5609F27215AE100D45733 /* Frameworks */ = {
			isa = PBXFrameworksBuildPhase;
			buildActionMask = 2147483647;
			files = (
				63A8C79ED17104322BE49535 /* Pods_AppStoreSearch_SHOHTests.framework in Frameworks */,
			);
			runOnlyForDeploymentPostprocessing = 0;
		};
		09B560A927215AE100D45733 /* Frameworks */ = {
			isa = PBXFrameworksBuildPhase;
			buildActionMask = 2147483647;
			files = (
				142B3FD1EE5E4499D7AB86DF /* Pods_AppStoreSearch_SHOHUITests.framework in Frameworks */,
			);
			runOnlyForDeploymentPostprocessing = 0;
		};
/* End PBXFrameworksBuildPhase section */

/* Begin PBXGroup section */
		0983657727220D4500C3F7E9 /* Result */ = {
			isa = PBXGroup;
			children = (
				0983657E27220EAC00C3F7E9 /* SearchResultViewController.storyboard */,
				0983657827220D6F00C3F7E9 /* SearchResultViewController.swift */,
				0983657C27220E9800C3F7E9 /* SearchResultViewReactor.swift */,
				098365842722AEB700C3F7E9 /* Cells */,
			);
			path = Result;
			sourceTree = "<group>";
		};
		098365842722AEB700C3F7E9 /* Cells */ = {
			isa = PBXGroup;
			children = (
				098365852722AEC300C3F7E9 /* SearchResultCell.swift */,
				09E292A82722C4FF00866EF5 /* SearchResultCellReactor.swift */,
				098365862722AEC300C3F7E9 /* SearchResultCell.xib */,
			);
			path = Cells;
			sourceTree = "<group>";
		};
		09B5608327215ADF00D45733 = {
			isa = PBXGroup;
			children = (
				09B5608E27215ADF00D45733 /* AppStoreSearch-SHOH */,
				09B560A527215AE100D45733 /* AppStoreSearch-SHOHTests */,
				09B560AF27215AE100D45733 /* AppStoreSearch-SHOHUITests */,
				09B5608D27215ADF00D45733 /* Products */,
				9CF7ED847F384016C3ABB158 /* Pods */,
				EBFB7B945F643BCDB545F372 /* Frameworks */,
			);
			sourceTree = "<group>";
		};
		09B5608D27215ADF00D45733 /* Products */ = {
			isa = PBXGroup;
			children = (
				09B5608C27215ADF00D45733 /* AppStoreSearch-SHOH.app */,
				09B560A227215AE100D45733 /* AppStoreSearch-SHOHTests.xctest */,
				09B560AC27215AE100D45733 /* AppStoreSearch-SHOHUITests.xctest */,
			);
			name = Products;
			sourceTree = "<group>";
		};
		09B5608E27215ADF00D45733 /* AppStoreSearch-SHOH */ = {
			isa = PBXGroup;
			children = (
				09B5609D27215AE100D45733 /* Info.plist */,
				09B560C92721626D00D45733 /* Resources */,
				09B560C82721626900D45733 /* Sources */,
			);
			path = "AppStoreSearch-SHOH";
			sourceTree = "<group>";
		};
		09B560A527215AE100D45733 /* AppStoreSearch-SHOHTests */ = {
			isa = PBXGroup;
			children = (
				09B560A627215AE100D45733 /* AppStoreSearch_SHOHTests.swift */,
			);
			path = "AppStoreSearch-SHOHTests";
			sourceTree = "<group>";
		};
		09B560AF27215AE100D45733 /* AppStoreSearch-SHOHUITests */ = {
			isa = PBXGroup;
			children = (
				09B560B027215AE100D45733 /* AppStoreSearch_SHOHUITests.swift */,
				09B560B227215AE100D45733 /* AppStoreSearch_SHOHUITestsLaunchTests.swift */,
			);
			path = "AppStoreSearch-SHOHUITests";
			sourceTree = "<group>";
		};
		09B560C22721621E00D45733 /* App */ = {
			isa = PBXGroup;
			children = (
				09B560CB2721630F00D45733 /* AppCoordinator.swift */,
				09B5608F27215ADF00D45733 /* AppDelegate.swift */,
				09B5609127215ADF00D45733 /* SceneDelegate.swift */,
			);
			path = App;
			sourceTree = "<group>";
		};
		09B560C32721622700D45733 /* Domain */ = {
			isa = PBXGroup;
			children = (
				09B560E2272172A200D45733 /* Models */,
			);
			path = Domain;
			sourceTree = "<group>";
		};
		09B560C42721623000D45733 /* Platform */ = {
			isa = PBXGroup;
			children = (
				09B560D127216C3500D45733 /* API */,
				09B560E72721734200D45733 /* Services */,
				09B560E82721734700D45733 /* UseCases */,
			);
			path = Platform;
			sourceTree = "<group>";
		};
		09B560C52721623600D45733 /* Utils */ = {
			isa = PBXGroup;
			children = (
				09B560D427216C5300D45733 /* ImageLoader.swift */,
				09B560D92721718400D45733 /* ImageCache.swift */,
			);
			path = Utils;
			sourceTree = "<group>";
		};
		09B560C62721623E00D45733 /* Extensions */ = {
			isa = PBXGroup;
			children = (
				09B560D627216C6500D45733 /* ImageView+Extensions.swift */,
				09E292AE2723301200866EF5 /* NSLayoutConstraint+Extensions.swift */,
				09E292AC2722DACB00866EF5 /* Number+Extensions.swift */,
				09E292B027233F5400866EF5 /* ObservableType+Extensions.swift */,
				09E292AA2722C64700866EF5 /* Reactive+Extensions.swift */,
				09E292BC272379C700866EF5 /* UIView+Extensions.swift */,
				098365822722869E00C3F7E9 /* URLRequest+Extensions.swift */,
			);
			path = Extensions;
			sourceTree = "<group>";
		};
		09B560C72721624400D45733 /* Protocols */ = {
			isa = PBXGroup;
			children = (
				09B560DD2721724F00D45733 /* Cachable.swift */,
				09B560DF2721728700D45733 /* TargetType.swift */,
				09B560DB2721723F00D45733 /* URLSessionProtocol.swift */,
			);
			path = Protocols;
			sourceTree = "<group>";
		};
		09B560C82721626900D45733 /* Sources */ = {
			isa = PBXGroup;
			children = (
				09B560C22721621E00D45733 /* App */,
				09B560C32721622700D45733 /* Domain */,
				09B560D82721714100D45733 /* Helpers */,
				09B560C42721623000D45733 /* Platform */,
				09B560CA2721629700D45733 /* Scenes */,
			);
			path = Sources;
			sourceTree = "<group>";
		};
		09B560C92721626D00D45733 /* Resources */ = {
			isa = PBXGroup;
			children = (
				09B5609827215AE100D45733 /* Assets.xcassets */,
				09B5609A27215AE100D45733 /* LaunchScreen.storyboard */,
			);
			path = Resources;
			sourceTree = "<group>";
		};
		09B560CA2721629700D45733 /* Scenes */ = {
			isa = PBXGroup;
			children = (
				09B560FD2721D0FB00D45733 /* Main */,
				09B560F12721C11400D45733 /* Search */,
			);
			path = Scenes;
			sourceTree = "<group>";
		};
		09B560D127216C3500D45733 /* API */ = {
			isa = PBXGroup;
			children = (
				09B560EB2721738500D45733 /* Domain.swift */,
				09B560D227216C4700D45733 /* NetworkProvider.swift */,
			);
			path = API;
			sourceTree = "<group>";
		};
		09B560D82721714100D45733 /* Helpers */ = {
			isa = PBXGroup;
			children = (
				09B560E12721729C00D45733 /* Enums */,
				09B560C62721623E00D45733 /* Extensions */,
				09B560C72721624400D45733 /* Protocols */,
				09B560C52721623600D45733 /* Utils */,
			);
			path = Helpers;
			sourceTree = "<group>";
		};
		09B560E12721729C00D45733 /* Enums */ = {
			isa = PBXGroup;
			children = (
				09B560E3272172B700D45733 /* HTTPMethod.swift */,
				09E292B3272340D500866EF5 /* Section.swift */,
				09B560F82721C4BC00D45733 /* TabBarType.swift */,
				09B560E5272172C200D45733 /* Task.swift */,
			);
			path = Enums;
			sourceTree = "<group>";
		};
		09B560E2272172A200D45733 /* Models */ = {
			isa = PBXGroup;
			children = (
				09B560ED2721764300D45733 /* SearchModel.swift */,
			);
			path = Models;
			sourceTree = "<group>";
		};
		09B560E72721734200D45733 /* Services */ = {
			isa = PBXGroup;
			children = (
				09B560E92721735E00D45733 /* SearchService.swift */,
			);
			path = Services;
			sourceTree = "<group>";
		};
		09B560E82721734700D45733 /* UseCases */ = {
			isa = PBXGroup;
			children = (
				098365802722250E00C3F7E9 /* SearchUseCase.swift */,
			);
			path = UseCases;
			sourceTree = "<group>";
		};
		09B560F12721C11400D45733 /* Search */ = {
			isa = PBXGroup;
			children = (
				09B560F42721C14800D45733 /* SearchViewController.storyboard */,
				09B560FA2721C5B700D45733 /* SearchCoordinator.swift */,
				09B560F22721C14200D45733 /* SearchViewController.swift */,
				09B561032721D51000D45733 /* SearchViewReactor.swift */,
				09B560FE2721D3DB00D45733 /* Childs */,
				09E292B52723647400866EF5 /* Detail */,
			);
			path = Search;
			sourceTree = "<group>";
		};
		09B560FD2721D0FB00D45733 /* Main */ = {
			isa = PBXGroup;
			children = (
				09B560F62721C1FC00D45733 /* MainCoordinator.swift */,
			);
			path = Main;
			sourceTree = "<group>";
		};
		09B560FE2721D3DB00D45733 /* Childs */ = {
			isa = PBXGroup;
			children = (
				09B561072721E30400D45733 /* SearchChildProtocol.swift */,
				09B5610B2721FC9300D45733 /* Recent */,
				0983657727220D4500C3F7E9 /* Result */,
			);
			path = Childs;
			sourceTree = "<group>";
		};
		09B5610B2721FC9300D45733 /* Recent */ = {
			isa = PBXGroup;
			children = (
				09B561012721D43300D45733 /* SearchRecentViewController.storyboard */,
				09B560FF2721D41B00D45733 /* SearchRecentViewController.swift */,
				09B561052721E1BC00D45733 /* SearchRecentViewReactor.swift */,
				09B5610C2721FCA300D45733 /* Cells */,
			);
			path = Recent;
			sourceTree = "<group>";
		};
		09B5610C2721FCA300D45733 /* Cells */ = {
			isa = PBXGroup;
			children = (
				09B5610D2721FCC200D45733 /* SearchRecentCell.swift */,
				09B561112721FF1400D45733 /* SearchRecentCell.xib */,
			);
			path = Cells;
			sourceTree = "<group>";
		};
		09E292B52723647400866EF5 /* Detail */ = {
			isa = PBXGroup;
			children = (
				09E292BA272364CB00866EF5 /* SearchResultDetailViewController.storyboard */,
				09E292B6272364B200866EF5 /* SearchResultDetailViewController.swift */,
				09E292B8272364C300866EF5 /* SearchResultDetailViewReactor.swift */,
				09E292BE27237C4B00866EF5 /* Cells */,
			);
			path = Detail;
			sourceTree = "<group>";
		};
		09E292BE27237C4B00866EF5 /* Cells */ = {
			isa = PBXGroup;
			children = (
				09E292BF27237C5E00866EF5 /* SearchResultDetailCell.swift */,
				09B78DF02724098200CFFBBD /* SearchResultReviewCell.swift */,
				09E292C127237CA700866EF5 /* SearchResultDetailCell.xib */,
				09B78DF2272409A500CFFBBD /* SearchResultReviewCell.xib */,
			);
			path = Cells;
			sourceTree = "<group>";
		};
		9CF7ED847F384016C3ABB158 /* Pods */ = {
			isa = PBXGroup;
			children = (
				7F75A11B39D84CA6974DEA79 /* Pods-AppStoreSearch-SHOH.debug.xcconfig */,
				125C098A9BC1210BE751E1BD /* Pods-AppStoreSearch-SHOH.release.xcconfig */,
				EE137B8819767F3F6975BC8F /* Pods-AppStoreSearch-SHOHTests.debug.xcconfig */,
				9244E0D0AA5F0861E8A4FD52 /* Pods-AppStoreSearch-SHOHTests.release.xcconfig */,
				0F3B7B36FF8C9373DF0C8CC5 /* Pods-AppStoreSearch-SHOHUITests.debug.xcconfig */,
				0E4FB6870DFB46E87C1969CE /* Pods-AppStoreSearch-SHOHUITests.release.xcconfig */,
			);
			path = Pods;
			sourceTree = "<group>";
		};
		EBFB7B945F643BCDB545F372 /* Frameworks */ = {
			isa = PBXGroup;
			children = (
				4402E934557EC87EA6663358 /* Pods_AppStoreSearch_SHOH.framework */,
				A2C5EE1066F311F238C7C99B /* Pods_AppStoreSearch_SHOHTests.framework */,
				B1F856E81AADB7B3D4D1012D /* Pods_AppStoreSearch_SHOHUITests.framework */,
			);
			name = Frameworks;
			sourceTree = "<group>";
		};
/* End PBXGroup section */

/* Begin PBXNativeTarget section */
		09B5608B27215ADF00D45733 /* AppStoreSearch-SHOH */ = {
			isa = PBXNativeTarget;
			buildConfigurationList = 09B560B627215AE100D45733 /* Build configuration list for PBXNativeTarget "AppStoreSearch-SHOH" */;
			buildPhases = (
				8D220E1373729FD4C2AF7D17 /* [CP] Check Pods Manifest.lock */,
				09B5608827215ADF00D45733 /* Sources */,
				09B5608927215ADF00D45733 /* Frameworks */,
				09B5608A27215ADF00D45733 /* Resources */,
				6638EE8C9EC736C5694AB605 /* [CP] Embed Pods Frameworks */,
			);
			buildRules = (
			);
			dependencies = (
			);
			name = "AppStoreSearch-SHOH";
			packageProductDependencies = (
				09B560C027215B4D00D45733 /* SPMSHOHProxy */,
			);
			productName = "AppStoreSearch-SHOH";
			productReference = 09B5608C27215ADF00D45733 /* AppStoreSearch-SHOH.app */;
			productType = "com.apple.product-type.application";
		};
		09B560A127215AE100D45733 /* AppStoreSearch-SHOHTests */ = {
			isa = PBXNativeTarget;
			buildConfigurationList = 09B560B927215AE100D45733 /* Build configuration list for PBXNativeTarget "AppStoreSearch-SHOHTests" */;
			buildPhases = (
				DAA384DE8DFA946AA1243B68 /* [CP] Check Pods Manifest.lock */,
				09B5609E27215AE100D45733 /* Sources */,
				09B5609F27215AE100D45733 /* Frameworks */,
				09B560A027215AE100D45733 /* Resources */,
				6FC82E5C1939469533F97216 /* [CP] Embed Pods Frameworks */,
			);
			buildRules = (
			);
			dependencies = (
				09B560A427215AE100D45733 /* PBXTargetDependency */,
			);
			name = "AppStoreSearch-SHOHTests";
			productName = "AppStoreSearch-SHOHTests";
			productReference = 09B560A227215AE100D45733 /* AppStoreSearch-SHOHTests.xctest */;
			productType = "com.apple.product-type.bundle.unit-test";
		};
		09B560AB27215AE100D45733 /* AppStoreSearch-SHOHUITests */ = {
			isa = PBXNativeTarget;
			buildConfigurationList = 09B560BC27215AE100D45733 /* Build configuration list for PBXNativeTarget "AppStoreSearch-SHOHUITests" */;
			buildPhases = (
				3D4CE7444156FD836CF716F9 /* [CP] Check Pods Manifest.lock */,
				09B560A827215AE100D45733 /* Sources */,
				09B560A927215AE100D45733 /* Frameworks */,
				09B560AA27215AE100D45733 /* Resources */,
				EE356D53388FD21D7EE3E7CF /* [CP] Embed Pods Frameworks */,
			);
			buildRules = (
			);
			dependencies = (
				09B560AE27215AE100D45733 /* PBXTargetDependency */,
			);
			name = "AppStoreSearch-SHOHUITests";
			productName = "AppStoreSearch-SHOHUITests";
			productReference = 09B560AC27215AE100D45733 /* AppStoreSearch-SHOHUITests.xctest */;
			productType = "com.apple.product-type.bundle.ui-testing";
		};
/* End PBXNativeTarget section */

/* Begin PBXProject section */
		09B5608427215ADF00D45733 /* Project object */ = {
			isa = PBXProject;
			attributes = {
				BuildIndependentTargetsInParallel = 1;
				LastSwiftUpdateCheck = 1300;
				LastUpgradeCheck = 1300;
				TargetAttributes = {
					09B5608B27215ADF00D45733 = {
						CreatedOnToolsVersion = 13.0;
					};
					09B560A127215AE100D45733 = {
						CreatedOnToolsVersion = 13.0;
						TestTargetID = 09B5608B27215ADF00D45733;
					};
					09B560AB27215AE100D45733 = {
						CreatedOnToolsVersion = 13.0;
						TestTargetID = 09B5608B27215ADF00D45733;
					};
				};
			};
			buildConfigurationList = 09B5608727215ADF00D45733 /* Build configuration list for PBXProject "AppStoreSearch-SHOH" */;
			compatibilityVersion = "Xcode 13.0";
			developmentRegion = en;
			hasScannedForEncodings = 0;
			knownRegions = (
				en,
				Base,
			);
			mainGroup = 09B5608327215ADF00D45733;
			packageReferences = (
				09B560BF27215B4D00D45733 /* XCRemoteSwiftPackageReference "SPMSHOHProxy.git" */,
			);
			productRefGroup = 09B5608D27215ADF00D45733 /* Products */;
			projectDirPath = "";
			projectRoot = "";
			targets = (
				09B5608B27215ADF00D45733 /* AppStoreSearch-SHOH */,
				09B560A127215AE100D45733 /* AppStoreSearch-SHOHTests */,
				09B560AB27215AE100D45733 /* AppStoreSearch-SHOHUITests */,
			);
		};
/* End PBXProject section */

/* Begin PBXResourcesBuildPhase section */
		09B5608A27215ADF00D45733 /* Resources */ = {
			isa = PBXResourcesBuildPhase;
			buildActionMask = 2147483647;
			files = (
				0983657F27220EAC00C3F7E9 /* SearchResultViewController.storyboard in Resources */,
				09E292C227237CA700866EF5 /* SearchResultDetailCell.xib in Resources */,
				09E292BB272364CB00866EF5 /* SearchResultDetailViewController.storyboard in Resources */,
				09B5609C27215AE100D45733 /* LaunchScreen.storyboard in Resources */,
				09B561122721FF1400D45733 /* SearchRecentCell.xib in Resources */,
				09B5609927215AE100D45733 /* Assets.xcassets in Resources */,
				09B561022721D43300D45733 /* SearchRecentViewController.storyboard in Resources */,
				09B560F52721C14800D45733 /* SearchViewController.storyboard in Resources */,
				09B78DF3272409A500CFFBBD /* SearchResultReviewCell.xib in Resources */,
				09E292A62722AF3D00866EF5 /* SearchResultCell.xib in Resources */,
			);
			runOnlyForDeploymentPostprocessing = 0;
		};
		09B560A027215AE100D45733 /* Resources */ = {
			isa = PBXResourcesBuildPhase;
			buildActionMask = 2147483647;
			files = (
			);
			runOnlyForDeploymentPostprocessing = 0;
		};
		09B560AA27215AE100D45733 /* Resources */ = {
			isa = PBXResourcesBuildPhase;
			buildActionMask = 2147483647;
			files = (
			);
			runOnlyForDeploymentPostprocessing = 0;
		};
/* End PBXResourcesBuildPhase section */

/* Begin PBXShellScriptBuildPhase section */
		3D4CE7444156FD836CF716F9 /* [CP] Check Pods Manifest.lock */ = {
			isa = PBXShellScriptBuildPhase;
			buildActionMask = 2147483647;
			files = (
			);
			inputFileListPaths = (
			);
			inputPaths = (
				"${PODS_PODFILE_DIR_PATH}/Podfile.lock",
				"${PODS_ROOT}/Manifest.lock",
			);
			name = "[CP] Check Pods Manifest.lock";
			outputFileListPaths = (
			);
			outputPaths = (
				"$(DERIVED_FILE_DIR)/Pods-AppStoreSearch-SHOHUITests-checkManifestLockResult.txt",
			);
			runOnlyForDeploymentPostprocessing = 0;
			shellPath = /bin/sh;
			shellScript = "diff \"${PODS_PODFILE_DIR_PATH}/Podfile.lock\" \"${PODS_ROOT}/Manifest.lock\" > /dev/null\nif [ $? != 0 ] ; then\n    # print error to STDERR\n    echo \"error: The sandbox is not in sync with the Podfile.lock. Run 'pod install' or update your CocoaPods installation.\" >&2\n    exit 1\nfi\n# This output is used by Xcode 'outputs' to avoid re-running this script phase.\necho \"SUCCESS\" > \"${SCRIPT_OUTPUT_FILE_0}\"\n";
			showEnvVarsInLog = 0;
		};
		6638EE8C9EC736C5694AB605 /* [CP] Embed Pods Frameworks */ = {
			isa = PBXShellScriptBuildPhase;
			buildActionMask = 2147483647;
			files = (
			);
			inputFileListPaths = (
				"${PODS_ROOT}/Target Support Files/Pods-AppStoreSearch-SHOH/Pods-AppStoreSearch-SHOH-frameworks-${CONFIGURATION}-input-files.xcfilelist",
			);
			name = "[CP] Embed Pods Frameworks";
			outputFileListPaths = (
				"${PODS_ROOT}/Target Support Files/Pods-AppStoreSearch-SHOH/Pods-AppStoreSearch-SHOH-frameworks-${CONFIGURATION}-output-files.xcfilelist",
			);
			runOnlyForDeploymentPostprocessing = 0;
			shellPath = /bin/sh;
			shellScript = "\"${PODS_ROOT}/Target Support Files/Pods-AppStoreSearch-SHOH/Pods-AppStoreSearch-SHOH-frameworks.sh\"\n";
			showEnvVarsInLog = 0;
		};
		6FC82E5C1939469533F97216 /* [CP] Embed Pods Frameworks */ = {
			isa = PBXShellScriptBuildPhase;
			buildActionMask = 2147483647;
			files = (
			);
			inputFileListPaths = (
				"${PODS_ROOT}/Target Support Files/Pods-AppStoreSearch-SHOHTests/Pods-AppStoreSearch-SHOHTests-frameworks-${CONFIGURATION}-input-files.xcfilelist",
			);
			name = "[CP] Embed Pods Frameworks";
			outputFileListPaths = (
				"${PODS_ROOT}/Target Support Files/Pods-AppStoreSearch-SHOHTests/Pods-AppStoreSearch-SHOHTests-frameworks-${CONFIGURATION}-output-files.xcfilelist",
			);
			runOnlyForDeploymentPostprocessing = 0;
			shellPath = /bin/sh;
			shellScript = "\"${PODS_ROOT}/Target Support Files/Pods-AppStoreSearch-SHOHTests/Pods-AppStoreSearch-SHOHTests-frameworks.sh\"\n";
			showEnvVarsInLog = 0;
		};
		8D220E1373729FD4C2AF7D17 /* [CP] Check Pods Manifest.lock */ = {
			isa = PBXShellScriptBuildPhase;
			buildActionMask = 2147483647;
			files = (
			);
			inputFileListPaths = (
			);
			inputPaths = (
				"${PODS_PODFILE_DIR_PATH}/Podfile.lock",
				"${PODS_ROOT}/Manifest.lock",
			);
			name = "[CP] Check Pods Manifest.lock";
			outputFileListPaths = (
			);
			outputPaths = (
				"$(DERIVED_FILE_DIR)/Pods-AppStoreSearch-SHOH-checkManifestLockResult.txt",
			);
			runOnlyForDeploymentPostprocessing = 0;
			shellPath = /bin/sh;
			shellScript = "diff \"${PODS_PODFILE_DIR_PATH}/Podfile.lock\" \"${PODS_ROOT}/Manifest.lock\" > /dev/null\nif [ $? != 0 ] ; then\n    # print error to STDERR\n    echo \"error: The sandbox is not in sync with the Podfile.lock. Run 'pod install' or update your CocoaPods installation.\" >&2\n    exit 1\nfi\n# This output is used by Xcode 'outputs' to avoid re-running this script phase.\necho \"SUCCESS\" > \"${SCRIPT_OUTPUT_FILE_0}\"\n";
			showEnvVarsInLog = 0;
		};
		DAA384DE8DFA946AA1243B68 /* [CP] Check Pods Manifest.lock */ = {
			isa = PBXShellScriptBuildPhase;
			buildActionMask = 2147483647;
			files = (
			);
			inputFileListPaths = (
			);
			inputPaths = (
				"${PODS_PODFILE_DIR_PATH}/Podfile.lock",
				"${PODS_ROOT}/Manifest.lock",
			);
			name = "[CP] Check Pods Manifest.lock";
			outputFileListPaths = (
			);
			outputPaths = (
				"$(DERIVED_FILE_DIR)/Pods-AppStoreSearch-SHOHTests-checkManifestLockResult.txt",
			);
			runOnlyForDeploymentPostprocessing = 0;
			shellPath = /bin/sh;
			shellScript = "diff \"${PODS_PODFILE_DIR_PATH}/Podfile.lock\" \"${PODS_ROOT}/Manifest.lock\" > /dev/null\nif [ $? != 0 ] ; then\n    # print error to STDERR\n    echo \"error: The sandbox is not in sync with the Podfile.lock. Run 'pod install' or update your CocoaPods installation.\" >&2\n    exit 1\nfi\n# This output is used by Xcode 'outputs' to avoid re-running this script phase.\necho \"SUCCESS\" > \"${SCRIPT_OUTPUT_FILE_0}\"\n";
			showEnvVarsInLog = 0;
		};
		EE356D53388FD21D7EE3E7CF /* [CP] Embed Pods Frameworks */ = {
			isa = PBXShellScriptBuildPhase;
			buildActionMask = 2147483647;
			files = (
			);
			inputFileListPaths = (
				"${PODS_ROOT}/Target Support Files/Pods-AppStoreSearch-SHOHUITests/Pods-AppStoreSearch-SHOHUITests-frameworks-${CONFIGURATION}-input-files.xcfilelist",
			);
			name = "[CP] Embed Pods Frameworks";
			outputFileListPaths = (
				"${PODS_ROOT}/Target Support Files/Pods-AppStoreSearch-SHOHUITests/Pods-AppStoreSearch-SHOHUITests-frameworks-${CONFIGURATION}-output-files.xcfilelist",
			);
			runOnlyForDeploymentPostprocessing = 0;
			shellPath = /bin/sh;
			shellScript = "\"${PODS_ROOT}/Target Support Files/Pods-AppStoreSearch-SHOHUITests/Pods-AppStoreSearch-SHOHUITests-frameworks.sh\"\n";
			showEnvVarsInLog = 0;
		};
/* End PBXShellScriptBuildPhase section */

/* Begin PBXSourcesBuildPhase section */
		09B5608827215ADF00D45733 /* Sources */ = {
			isa = PBXSourcesBuildPhase;
			buildActionMask = 2147483647;
			files = (
				09B560E02721728700D45733 /* TargetType.swift in Sources */,
				09B560DC2721724800D45733 /* URLSessionProtocol.swift in Sources */,
				09B561042721D51000D45733 /* SearchViewReactor.swift in Sources */,
				09B561002721D41B00D45733 /* SearchRecentViewController.swift in Sources */,
				09B560D527216C5400D45733 /* ImageLoader.swift in Sources */,
				09B560F92721C4BC00D45733 /* TabBarType.swift in Sources */,
				09B78DF12724098200CFFBBD /* SearchResultReviewCell.swift in Sources */,
				0983657D27220E9800C3F7E9 /* SearchResultViewReactor.swift in Sources */,
				09B560F32721C14200D45733 /* SearchViewController.swift in Sources */,
				0983657927220D6F00C3F7E9 /* SearchResultViewController.swift in Sources */,
				09B560CC2721630F00D45733 /* AppCoordinator.swift in Sources */,
				09E292B4272340D500866EF5 /* Section.swift in Sources */,
				09E292B127233F5400866EF5 /* ObservableType+Extensions.swift in Sources */,
				09E292BD272379C700866EF5 /* UIView+Extensions.swift in Sources */,
				09E292B7272364B200866EF5 /* SearchResultDetailViewController.swift in Sources */,
				09E292AF2723301200866EF5 /* NSLayoutConstraint+Extensions.swift in Sources */,
				09B561082721E30400D45733 /* SearchChildProtocol.swift in Sources */,
				09B560DE2721724F00D45733 /* Cachable.swift in Sources */,
				09B560F72721C1FC00D45733 /* MainCoordinator.swift in Sources */,
				09E292A92722C4FF00866EF5 /* SearchResultCellReactor.swift in Sources */,
				09B560FB2721C5B700D45733 /* SearchCoordinator.swift in Sources */,
				09B560DA2721718400D45733 /* ImageCache.swift in Sources */,
				09B561062721E1BC00D45733 /* SearchRecentViewReactor.swift in Sources */,
				09B5609027215ADF00D45733 /* AppDelegate.swift in Sources */,
				098365812722250E00C3F7E9 /* SearchUseCase.swift in Sources */,
				09B5609227215ADF00D45733 /* SceneDelegate.swift in Sources */,
				09E292B9272364C300866EF5 /* SearchResultDetailViewReactor.swift in Sources */,
				09B560EF2721770B00D45733 /* SearchModel.swift in Sources */,
				09B560E4272172B700D45733 /* HTTPMethod.swift in Sources */,
				09E292AD2722DACB00866EF5 /* Number+Extensions.swift in Sources */,
				09B560EA2721736400D45733 /* SearchService.swift in Sources */,
				09B560D727216C6A00D45733 /* ImageView+Extensions.swift in Sources */,
				09B560E6272172C200D45733 /* Task.swift in Sources */,
				09B560D327216C4C00D45733 /* NetworkProvider.swift in Sources */,
				098365832722869E00C3F7E9 /* URLRequest+Extensions.swift in Sources */,
				09B560EC2721738500D45733 /* Domain.swift in Sources */,
				09E292C027237C5E00866EF5 /* SearchResultDetailCell.swift in Sources */,
				09E292AB2722C64700866EF5 /* Reactive+Extensions.swift in Sources */,
				09B5610E2721FCC200D45733 /* SearchRecentCell.swift in Sources */,
				09E292A72722AF3F00866EF5 /* SearchResultCell.swift in Sources */,
			);
			runOnlyForDeploymentPostprocessing = 0;
		};
		09B5609E27215AE100D45733 /* Sources */ = {
			isa = PBXSourcesBuildPhase;
			buildActionMask = 2147483647;
			files = (
				09B560A727215AE100D45733 /* AppStoreSearch_SHOHTests.swift in Sources */,
			);
			runOnlyForDeploymentPostprocessing = 0;
		};
		09B560A827215AE100D45733 /* Sources */ = {
			isa = PBXSourcesBuildPhase;
			buildActionMask = 2147483647;
			files = (
				09B560B327215AE100D45733 /* AppStoreSearch_SHOHUITestsLaunchTests.swift in Sources */,
				09B560B127215AE100D45733 /* AppStoreSearch_SHOHUITests.swift in Sources */,
			);
			runOnlyForDeploymentPostprocessing = 0;
		};
/* End PBXSourcesBuildPhase section */

/* Begin PBXTargetDependency section */
		09B560A427215AE100D45733 /* PBXTargetDependency */ = {
			isa = PBXTargetDependency;
			target = 09B5608B27215ADF00D45733 /* AppStoreSearch-SHOH */;
			targetProxy = 09B560A327215AE100D45733 /* PBXContainerItemProxy */;
		};
		09B560AE27215AE100D45733 /* PBXTargetDependency */ = {
			isa = PBXTargetDependency;
			target = 09B5608B27215ADF00D45733 /* AppStoreSearch-SHOH */;
			targetProxy = 09B560AD27215AE100D45733 /* PBXContainerItemProxy */;
		};
/* End PBXTargetDependency section */

/* Begin PBXVariantGroup section */
		09B5609A27215AE100D45733 /* LaunchScreen.storyboard */ = {
			isa = PBXVariantGroup;
			children = (
				09B5609B27215AE100D45733 /* Base */,
			);
			name = LaunchScreen.storyboard;
			sourceTree = "<group>";
		};
/* End PBXVariantGroup section */

/* Begin XCBuildConfiguration section */
		09B560B427215AE100D45733 /* Debug */ = {
			isa = XCBuildConfiguration;
			buildSettings = {
				ALWAYS_SEARCH_USER_PATHS = NO;
				CLANG_ANALYZER_NONNULL = YES;
				CLANG_ANALYZER_NUMBER_OBJECT_CONVERSION = YES_AGGRESSIVE;
				CLANG_CXX_LANGUAGE_STANDARD = "gnu++17";
				CLANG_CXX_LIBRARY = "libc++";
				CLANG_ENABLE_MODULES = YES;
				CLANG_ENABLE_OBJC_ARC = YES;
				CLANG_ENABLE_OBJC_WEAK = YES;
				CLANG_WARN_BLOCK_CAPTURE_AUTORELEASING = YES;
				CLANG_WARN_BOOL_CONVERSION = YES;
				CLANG_WARN_COMMA = YES;
				CLANG_WARN_CONSTANT_CONVERSION = YES;
				CLANG_WARN_DEPRECATED_OBJC_IMPLEMENTATIONS = YES;
				CLANG_WARN_DIRECT_OBJC_ISA_USAGE = YES_ERROR;
				CLANG_WARN_DOCUMENTATION_COMMENTS = YES;
				CLANG_WARN_EMPTY_BODY = YES;
				CLANG_WARN_ENUM_CONVERSION = YES;
				CLANG_WARN_INFINITE_RECURSION = YES;
				CLANG_WARN_INT_CONVERSION = YES;
				CLANG_WARN_NON_LITERAL_NULL_CONVERSION = YES;
				CLANG_WARN_OBJC_IMPLICIT_RETAIN_SELF = YES;
				CLANG_WARN_OBJC_LITERAL_CONVERSION = YES;
				CLANG_WARN_OBJC_ROOT_CLASS = YES_ERROR;
				CLANG_WARN_QUOTED_INCLUDE_IN_FRAMEWORK_HEADER = YES;
				CLANG_WARN_RANGE_LOOP_ANALYSIS = YES;
				CLANG_WARN_STRICT_PROTOTYPES = YES;
				CLANG_WARN_SUSPICIOUS_MOVE = YES;
				CLANG_WARN_UNGUARDED_AVAILABILITY = YES_AGGRESSIVE;
				CLANG_WARN_UNREACHABLE_CODE = YES;
				CLANG_WARN__DUPLICATE_METHOD_MATCH = YES;
				COPY_PHASE_STRIP = NO;
				DEBUG_INFORMATION_FORMAT = dwarf;
				ENABLE_STRICT_OBJC_MSGSEND = YES;
				ENABLE_TESTABILITY = YES;
				GCC_C_LANGUAGE_STANDARD = gnu11;
				GCC_DYNAMIC_NO_PIC = NO;
				GCC_NO_COMMON_BLOCKS = YES;
				GCC_OPTIMIZATION_LEVEL = 0;
				GCC_PREPROCESSOR_DEFINITIONS = (
					"DEBUG=1",
					"$(inherited)",
				);
				GCC_WARN_64_TO_32_BIT_CONVERSION = YES;
				GCC_WARN_ABOUT_RETURN_TYPE = YES_ERROR;
				GCC_WARN_UNDECLARED_SELECTOR = YES;
				GCC_WARN_UNINITIALIZED_AUTOS = YES_AGGRESSIVE;
				GCC_WARN_UNUSED_FUNCTION = YES;
				GCC_WARN_UNUSED_VARIABLE = YES;
				IPHONEOS_DEPLOYMENT_TARGET = 15.0;
				MTL_ENABLE_DEBUG_INFO = INCLUDE_SOURCE;
				MTL_FAST_MATH = YES;
				ONLY_ACTIVE_ARCH = YES;
				SDKROOT = iphoneos;
				SWIFT_ACTIVE_COMPILATION_CONDITIONS = DEBUG;
				SWIFT_OPTIMIZATION_LEVEL = "-Onone";
			};
			name = Debug;
		};
		09B560B527215AE100D45733 /* Release */ = {
			isa = XCBuildConfiguration;
			buildSettings = {
				ALWAYS_SEARCH_USER_PATHS = NO;
				CLANG_ANALYZER_NONNULL = YES;
				CLANG_ANALYZER_NUMBER_OBJECT_CONVERSION = YES_AGGRESSIVE;
				CLANG_CXX_LANGUAGE_STANDARD = "gnu++17";
				CLANG_CXX_LIBRARY = "libc++";
				CLANG_ENABLE_MODULES = YES;
				CLANG_ENABLE_OBJC_ARC = YES;
				CLANG_ENABLE_OBJC_WEAK = YES;
				CLANG_WARN_BLOCK_CAPTURE_AUTORELEASING = YES;
				CLANG_WARN_BOOL_CONVERSION = YES;
				CLANG_WARN_COMMA = YES;
				CLANG_WARN_CONSTANT_CONVERSION = YES;
				CLANG_WARN_DEPRECATED_OBJC_IMPLEMENTATIONS = YES;
				CLANG_WARN_DIRECT_OBJC_ISA_USAGE = YES_ERROR;
				CLANG_WARN_DOCUMENTATION_COMMENTS = YES;
				CLANG_WARN_EMPTY_BODY = YES;
				CLANG_WARN_ENUM_CONVERSION = YES;
				CLANG_WARN_INFINITE_RECURSION = YES;
				CLANG_WARN_INT_CONVERSION = YES;
				CLANG_WARN_NON_LITERAL_NULL_CONVERSION = YES;
				CLANG_WARN_OBJC_IMPLICIT_RETAIN_SELF = YES;
				CLANG_WARN_OBJC_LITERAL_CONVERSION = YES;
				CLANG_WARN_OBJC_ROOT_CLASS = YES_ERROR;
				CLANG_WARN_QUOTED_INCLUDE_IN_FRAMEWORK_HEADER = YES;
				CLANG_WARN_RANGE_LOOP_ANALYSIS = YES;
				CLANG_WARN_STRICT_PROTOTYPES = YES;
				CLANG_WARN_SUSPICIOUS_MOVE = YES;
				CLANG_WARN_UNGUARDED_AVAILABILITY = YES_AGGRESSIVE;
				CLANG_WARN_UNREACHABLE_CODE = YES;
				CLANG_WARN__DUPLICATE_METHOD_MATCH = YES;
				COPY_PHASE_STRIP = NO;
				DEBUG_INFORMATION_FORMAT = "dwarf-with-dsym";
				ENABLE_NS_ASSERTIONS = NO;
				ENABLE_STRICT_OBJC_MSGSEND = YES;
				GCC_C_LANGUAGE_STANDARD = gnu11;
				GCC_NO_COMMON_BLOCKS = YES;
				GCC_WARN_64_TO_32_BIT_CONVERSION = YES;
				GCC_WARN_ABOUT_RETURN_TYPE = YES_ERROR;
				GCC_WARN_UNDECLARED_SELECTOR = YES;
				GCC_WARN_UNINITIALIZED_AUTOS = YES_AGGRESSIVE;
				GCC_WARN_UNUSED_FUNCTION = YES;
				GCC_WARN_UNUSED_VARIABLE = YES;
				IPHONEOS_DEPLOYMENT_TARGET = 15.0;
				MTL_ENABLE_DEBUG_INFO = NO;
				MTL_FAST_MATH = YES;
				SDKROOT = iphoneos;
				SWIFT_COMPILATION_MODE = wholemodule;
				SWIFT_OPTIMIZATION_LEVEL = "-O";
				VALIDATE_PRODUCT = YES;
			};
			name = Release;
		};
		09B560B727215AE100D45733 /* Debug */ = {
			isa = XCBuildConfiguration;
			baseConfigurationReference = 7F75A11B39D84CA6974DEA79 /* Pods-AppStoreSearch-SHOH.debug.xcconfig */;
			buildSettings = {
				ASSETCATALOG_COMPILER_APPICON_NAME = AppIcon;
				ASSETCATALOG_COMPILER_GLOBAL_ACCENT_COLOR_NAME = AccentColor;
				CODE_SIGN_STYLE = Automatic;
				CURRENT_PROJECT_VERSION = 1;
				DEVELOPMENT_TEAM = 7Q8VF9RM3U;
				GENERATE_INFOPLIST_FILE = YES;
				INFOPLIST_FILE = "AppStoreSearch-SHOH/Info.plist";
				INFOPLIST_KEY_UIApplicationSupportsIndirectInputEvents = YES;
				INFOPLIST_KEY_UILaunchStoryboardName = LaunchScreen;
				INFOPLIST_KEY_UISupportedInterfaceOrientations_iPad = "UIInterfaceOrientationPortrait UIInterfaceOrientationPortraitUpsideDown UIInterfaceOrientationLandscapeLeft UIInterfaceOrientationLandscapeRight";
				INFOPLIST_KEY_UISupportedInterfaceOrientations_iPhone = "UIInterfaceOrientationPortrait UIInterfaceOrientationLandscapeLeft UIInterfaceOrientationLandscapeRight";
				LD_RUNPATH_SEARCH_PATHS = (
					"$(inherited)",
					"@executable_path/Frameworks",
				);
				MARKETING_VERSION = 1.0;
				PRODUCT_BUNDLE_IDENTIFIER = "SHOH.AppStoreSearch-SHOH";
				PRODUCT_NAME = "$(TARGET_NAME)";
				SWIFT_EMIT_LOC_STRINGS = YES;
				SWIFT_VERSION = 5.0;
				TARGETED_DEVICE_FAMILY = "1,2";
			};
			name = Debug;
		};
		09B560B827215AE100D45733 /* Release */ = {
			isa = XCBuildConfiguration;
			baseConfigurationReference = 125C098A9BC1210BE751E1BD /* Pods-AppStoreSearch-SHOH.release.xcconfig */;
			buildSettings = {
				ASSETCATALOG_COMPILER_APPICON_NAME = AppIcon;
				ASSETCATALOG_COMPILER_GLOBAL_ACCENT_COLOR_NAME = AccentColor;
				CODE_SIGN_STYLE = Automatic;
				CURRENT_PROJECT_VERSION = 1;
				DEVELOPMENT_TEAM = 7Q8VF9RM3U;
				GENERATE_INFOPLIST_FILE = YES;
				INFOPLIST_FILE = "AppStoreSearch-SHOH/Info.plist";
				INFOPLIST_KEY_UIApplicationSupportsIndirectInputEvents = YES;
				INFOPLIST_KEY_UILaunchStoryboardName = LaunchScreen;
				INFOPLIST_KEY_UISupportedInterfaceOrientations_iPad = "UIInterfaceOrientationPortrait UIInterfaceOrientationPortraitUpsideDown UIInterfaceOrientationLandscapeLeft UIInterfaceOrientationLandscapeRight";
				INFOPLIST_KEY_UISupportedInterfaceOrientations_iPhone = "UIInterfaceOrientationPortrait UIInterfaceOrientationLandscapeLeft UIInterfaceOrientationLandscapeRight";
				LD_RUNPATH_SEARCH_PATHS = (
					"$(inherited)",
					"@executable_path/Frameworks",
				);
				MARKETING_VERSION = 1.0;
				PRODUCT_BUNDLE_IDENTIFIER = "SHOH.AppStoreSearch-SHOH";
				PRODUCT_NAME = "$(TARGET_NAME)";
				SWIFT_EMIT_LOC_STRINGS = YES;
				SWIFT_VERSION = 5.0;
				TARGETED_DEVICE_FAMILY = "1,2";
			};
			name = Release;
		};
		09B560BA27215AE100D45733 /* Debug */ = {
			isa = XCBuildConfiguration;
			baseConfigurationReference = EE137B8819767F3F6975BC8F /* Pods-AppStoreSearch-SHOHTests.debug.xcconfig */;
			buildSettings = {
				ALWAYS_EMBED_SWIFT_STANDARD_LIBRARIES = "$(inherited)";
				BUNDLE_LOADER = "$(TEST_HOST)";
				CODE_SIGN_STYLE = Automatic;
				CURRENT_PROJECT_VERSION = 1;
				DEVELOPMENT_TEAM = 7Q8VF9RM3U;
				GENERATE_INFOPLIST_FILE = YES;
				IPHONEOS_DEPLOYMENT_TARGET = 15.0;
				LD_RUNPATH_SEARCH_PATHS = (
					"$(inherited)",
					"@executable_path/Frameworks",
					"@loader_path/Frameworks",
				);
				MARKETING_VERSION = 1.0;
				PRODUCT_BUNDLE_IDENTIFIER = "SHOH.AppStoreSearch-SHOHTests";
				PRODUCT_NAME = "$(TARGET_NAME)";
				SWIFT_EMIT_LOC_STRINGS = NO;
				SWIFT_VERSION = 5.0;
				TARGETED_DEVICE_FAMILY = "1,2";
				TEST_HOST = "$(BUILT_PRODUCTS_DIR)/AppStoreSearch-SHOH.app/AppStoreSearch-SHOH";
			};
			name = Debug;
		};
		09B560BB27215AE100D45733 /* Release */ = {
			isa = XCBuildConfiguration;
			baseConfigurationReference = 9244E0D0AA5F0861E8A4FD52 /* Pods-AppStoreSearch-SHOHTests.release.xcconfig */;
			buildSettings = {
				ALWAYS_EMBED_SWIFT_STANDARD_LIBRARIES = "$(inherited)";
				BUNDLE_LOADER = "$(TEST_HOST)";
				CODE_SIGN_STYLE = Automatic;
				CURRENT_PROJECT_VERSION = 1;
				DEVELOPMENT_TEAM = 7Q8VF9RM3U;
				GENERATE_INFOPLIST_FILE = YES;
				IPHONEOS_DEPLOYMENT_TARGET = 15.0;
				LD_RUNPATH_SEARCH_PATHS = (
					"$(inherited)",
					"@executable_path/Frameworks",
					"@loader_path/Frameworks",
				);
				MARKETING_VERSION = 1.0;
				PRODUCT_BUNDLE_IDENTIFIER = "SHOH.AppStoreSearch-SHOHTests";
				PRODUCT_NAME = "$(TARGET_NAME)";
				SWIFT_EMIT_LOC_STRINGS = NO;
				SWIFT_VERSION = 5.0;
				TARGETED_DEVICE_FAMILY = "1,2";
				TEST_HOST = "$(BUILT_PRODUCTS_DIR)/AppStoreSearch-SHOH.app/AppStoreSearch-SHOH";
			};
			name = Release;
		};
		09B560BD27215AE100D45733 /* Debug */ = {
			isa = XCBuildConfiguration;
			baseConfigurationReference = 0F3B7B36FF8C9373DF0C8CC5 /* Pods-AppStoreSearch-SHOHUITests.debug.xcconfig */;
			buildSettings = {
				ALWAYS_EMBED_SWIFT_STANDARD_LIBRARIES = "$(inherited)";
				CODE_SIGN_STYLE = Automatic;
				CURRENT_PROJECT_VERSION = 1;
				DEVELOPMENT_TEAM = 7Q8VF9RM3U;
				GENERATE_INFOPLIST_FILE = YES;
				LD_RUNPATH_SEARCH_PATHS = (
					"$(inherited)",
					"@executable_path/Frameworks",
					"@loader_path/Frameworks",
				);
				MARKETING_VERSION = 1.0;
				PRODUCT_BUNDLE_IDENTIFIER = "SHOH.AppStoreSearch-SHOHUITests";
				PRODUCT_NAME = "$(TARGET_NAME)";
				SWIFT_EMIT_LOC_STRINGS = NO;
				SWIFT_VERSION = 5.0;
				TARGETED_DEVICE_FAMILY = "1,2";
				TEST_TARGET_NAME = "AppStoreSearch-SHOH";
			};
			name = Debug;
		};
		09B560BE27215AE100D45733 /* Release */ = {
			isa = XCBuildConfiguration;
			baseConfigurationReference = 0E4FB6870DFB46E87C1969CE /* Pods-AppStoreSearch-SHOHUITests.release.xcconfig */;
			buildSettings = {
				ALWAYS_EMBED_SWIFT_STANDARD_LIBRARIES = "$(inherited)";
				CODE_SIGN_STYLE = Automatic;
				CURRENT_PROJECT_VERSION = 1;
				DEVELOPMENT_TEAM = 7Q8VF9RM3U;
				GENERATE_INFOPLIST_FILE = YES;
				LD_RUNPATH_SEARCH_PATHS = (
					"$(inherited)",
					"@executable_path/Frameworks",
					"@loader_path/Frameworks",
				);
				MARKETING_VERSION = 1.0;
				PRODUCT_BUNDLE_IDENTIFIER = "SHOH.AppStoreSearch-SHOHUITests";
				PRODUCT_NAME = "$(TARGET_NAME)";
				SWIFT_EMIT_LOC_STRINGS = NO;
				SWIFT_VERSION = 5.0;
				TARGETED_DEVICE_FAMILY = "1,2";
				TEST_TARGET_NAME = "AppStoreSearch-SHOH";
			};
			name = Release;
		};
/* End XCBuildConfiguration section */

/* Begin XCConfigurationList section */
		09B5608727215ADF00D45733 /* Build configuration list for PBXProject "AppStoreSearch-SHOH" */ = {
			isa = XCConfigurationList;
			buildConfigurations = (
				09B560B427215AE100D45733 /* Debug */,
				09B560B527215AE100D45733 /* Release */,
			);
			defaultConfigurationIsVisible = 0;
			defaultConfigurationName = Release;
		};
		09B560B627215AE100D45733 /* Build configuration list for PBXNativeTarget "AppStoreSearch-SHOH" */ = {
			isa = XCConfigurationList;
			buildConfigurations = (
				09B560B727215AE100D45733 /* Debug */,
				09B560B827215AE100D45733 /* Release */,
			);
			defaultConfigurationIsVisible = 0;
			defaultConfigurationName = Release;
		};
		09B560B927215AE100D45733 /* Build configuration list for PBXNativeTarget "AppStoreSearch-SHOHTests" */ = {
			isa = XCConfigurationList;
			buildConfigurations = (
				09B560BA27215AE100D45733 /* Debug */,
				09B560BB27215AE100D45733 /* Release */,
			);
			defaultConfigurationIsVisible = 0;
			defaultConfigurationName = Release;
		};
		09B560BC27215AE100D45733 /* Build configuration list for PBXNativeTarget "AppStoreSearch-SHOHUITests" */ = {
			isa = XCConfigurationList;
			buildConfigurations = (
				09B560BD27215AE100D45733 /* Debug */,
				09B560BE27215AE100D45733 /* Release */,
			);
			defaultConfigurationIsVisible = 0;
			defaultConfigurationName = Release;
		};
/* End XCConfigurationList section */

/* Begin XCRemoteSwiftPackageReference section */
		09B560BF27215B4D00D45733 /* XCRemoteSwiftPackageReference "SPMSHOHProxy.git" */ = {
			isa = XCRemoteSwiftPackageReference;
			repositoryURL = "https://github.com/SH-OH/SPMSHOHProxy.git";
			requirement = {
				kind = upToNextMajorVersion;
				minimumVersion = 1.0.0;
			};
		};
/* End XCRemoteSwiftPackageReference section */

/* Begin XCSwiftPackageProductDependency section */
		09B560C027215B4D00D45733 /* SPMSHOHProxy */ = {
			isa = XCSwiftPackageProductDependency;
			package = 09B560BF27215B4D00D45733 /* XCRemoteSwiftPackageReference "SPMSHOHProxy.git" */;
			productName = SPMSHOHProxy;
		};
/* End XCSwiftPackageProductDependency section */
	};
	rootObject = 09B5608427215ADF00D45733 /* Project object */;
}
