{
  "object": {
    "pins": [
      {
        "package": "SPMSHOHProxy",
        "repositoryURL": "https://github.com/SH-OH/SPMSHOHProxy.git",
        "state": {
          "branch": null,
          "revision": "4cc8f80435659146eb7ab0c9174e3ad0169b51ae",
          "version": "1.0.8"
        }
      }
    ]
  },
  "version": 1
}
