{
  "object": {
    "pins": [
      {
        "package": "SPMSHOHProxy",
        "repositoryURL": "https://github.com/SH-OH/SPMSHOHProxy.git",
        "state": {
          "branch": null,
          "revision": "b9c0e16382ed8311e03d4737bfafb701051a5af2",
          "version": "1.0.10"
        }
      }
    ]
  },
  "version": 1
}
