{
  "object": {
    "pins": [
      {
        "package": "SPMSHOHProxy",
        "repositoryURL": "https://github.com/SH-OH/SPMSHOHProxy.git",
        "state": {
          "branch": null,
          "revision": "c581c69ab13a97b4ed8e7f423fefdbb8410dda8c",
          "version": "1.0.17"
        }
      }
    ]
  },
  "version": 1
}
